// !$*UTF8*$!
{
	archiveVersion = 1;
	classes = {
	};
	objectVersion = 46;
	objects = {

/* Begin PBXBuildFile section */
		BAD121C71E56C990007D84CF /* AppDelegate.swift in Sources */ = {isa = PBXBuildFile; fileRef = BAD121C61E56C990007D84CF /* AppDelegate.swift */; };
		BAD121C91E56C990007D84CF /* ViewController.swift in Sources */ = {isa = PBXBuildFile; fileRef = BAD121C81E56C990007D84CF /* ViewController.swift */; };
		BAD121CC1E56C990007D84CF /* Main.storyboard in Resources */ = {isa = PBXBuildFile; fileRef = BAD121CA1E56C990007D84CF /* Main.storyboard */; };
		BAD121CE1E56C990007D84CF /* Assets.xcassets in Resources */ = {isa = PBXBuildFile; fileRef = BAD121CD1E56C990007D84CF /* Assets.xcassets */; };
		BAD121D11E56C990007D84CF /* LaunchScreen.storyboard in Resources */ = {isa = PBXBuildFile; fileRef = BAD121CF1E56C990007D84CF /* LaunchScreen.storyboard */; };
/* End PBXBuildFile section */

/* Begin PBXFileReference section */
		BAD121C31E56C990007D84CF /* githubtest.app */ = {isa = PBXFileReference; explicitFileType = wrapper.application; includeInIndex = 0; path = githubtest.app; sourceTree = BUILT_PRODUCTS_DIR; };
		BAD121C61E56C990007D84CF /* AppDelegate.swift */ = {isa = PBXFileReference; lastKnownFileType = sourcecode.swift; path = AppDelegate.swift; sourceTree = "<group>"; };
		BAD121C81E56C990007D84CF /* ViewController.swift */ = {isa = PBXFileReference; lastKnownFileType = sourcecode.swift; path = ViewController.swift; sourceTree = "<group>"; };
		BAD121CB1E56C990007D84CF /* Base */ = {isa = PBXFileReference; lastKnownFileType = file.storyboard; name = Base; path = Base.lproj/Main.storyboard; sourceTree = "<group>"; };
		BAD121CD1E56C990007D84CF /* Assets.xcassets */ = {isa = PBXFileReference; lastKnownFileType = folder.assetcatalog; path = Assets.xcassets; sourceTree = "<group>"; };
		BAD121D01E56C990007D84CF /* Base */ = {isa = PBXFileReference; lastKnownFileType = file.storyboard; name = Base; path = Base.lproj/LaunchScreen.storyboard; sourceTree = "<group>"; };
		BAD121D21E56C990007D84CF /* Info.plist */ = {isa = PBXFileReference; lastKnownFileType = text.plist.xml; path = Info.plist; sourceTree = "<group>"; };
/* End PBXFileReference section */

/* Begin PBXFrameworksBuildPhase section */
		BAD121C01E56C990007D84CF /* Frameworks */ = {
			isa = PBXFrameworksBuildPhase;
			buildActionMask = 2147483647;
			files = (
			);
			runOnlyForDeploymentPostprocessing = 0;
		};
/* End PBXFrameworksBuildPhase section */

/* Begin PBXGroup section */
		BAD121BA1E56C98F007D84CF = {
			isa = PBXGroup;
			children = (
				BAD121C51E56C990007D84CF /* githubtest */,
				BAD121C41E56C990007D84CF /* Products */,
			);
			sourceTree = "<group>";
		};
		BAD121C41E56C990007D84CF /* Products */ = {
			isa = PBXGroup;
			children = (
				BAD121C31E56C990007D84CF /* githubtest.app */,
			);
			name = Products;
			sourceTree = "<group>";
		};
		BAD121C51E56C990007D84CF /* githubtest */ = {
			isa = PBXGroup;
			children = (
				BAD121C61E56C990007D84CF /* AppDelegate.swift */,
				BAD121C81E56C990007D84CF /* ViewController.swift */,
				BAD121CA1E56C990007D84CF /* Main.storyboard */,
				BAD121CD1E56C990007D84CF /* Assets.xcassets */,
				BAD121CF1E56C990007D84CF /* LaunchScreen.storyboard */,
				BAD121D21E56C990007D84CF /* Info.plist */,
			);
			path = githubtest;
			sourceTree = "<group>";
		};
/* End PBXGroup section */

/* Begin PBXNativeTarget section */
		BAD121C21E56C990007D84CF /* githubtest */ = {
			isa = PBXNativeTarget;
			buildConfigurationList = BAD121D51E56C990007D84CF /* Build configuration list for PBXNativeTarget "githubtest" */;
			buildPhases = (
				BAD121BF1E56C990007D84CF /* Sources */,
				BAD121C01E56C990007D84CF /* Frameworks */,
				BAD121C11E56C990007D84CF /* Resources */,
			);
			buildRules = (
			);
			dependencies = (
			);
			name = githubtest;
			productName = githubtest;
			productReference = BAD121C31E56C990007D84CF /* githubtest.app */;
			productType = "com.apple.product-type.application";
		};
/* End PBXNativeTarget section */

/* Begin PBXProject section */
		BAD121BB1E56C98F007D84CF /* Project object */ = {
			isa = PBXProject;
			attributes = {
				LastSwiftUpdateCheck = 0820;
				LastUpgradeCheck = 0820;
				ORGANIZATIONNAME = dengwong;
				TargetAttributes = {
					BAD121C21E56C990007D84CF = {
						CreatedOnToolsVersion = 8.2.1;
						ProvisioningStyle = Automatic;
					};
				};
			};
			buildConfigurationList = BAD121BE1E56C98F007D84CF /* Build configuration list for PBXProject "githubtest" */;
			compatibilityVersion = "Xcode 3.2";
			developmentRegion = English;
			hasScannedForEncodings = 0;
			knownRegions = (
				en,
				Base,
			);
			mainGroup = BAD121BA1E56C98F007D84CF;
			productRefGroup = BAD121C41E56C990007D84CF /* Products */;
			projectDirPath = "";
			projectRoot = "";
			targets = (
				BAD121C21E56C990007D84CF /* githubtest */,
			);
		};
/* End PBXProject section */

/* Begin PBXResourcesBuildPhase section */
		BAD121C11E56C990007D84CF /* Resources */ = {
			isa = PBXResourcesBuildPhase;
			buildActionMask = 2147483647;
			files = (
				BAD121D11E56C990007D84CF /* LaunchScreen.storyboard in Resources */,
				BAD121CE1E56C990007D84CF /* Assets.xcassets in Resources */,
				BAD121CC1E56C990007D84CF /* Main.storyboard in Resources */,
			);
			runOnlyForDeploymentPostprocessing = 0;
		};
/* End PBXResourcesBuildPhase section */

/* Begin PBXSourcesBuildPhase section */
		BAD121BF1E56C990007D84CF /* Sources */ = {
			isa = PBXSourcesBuildPhase;
			buildActionMask = 2147483647;
			files = (
				BAD121C91E56C990007D84CF /* ViewController.swift in Sources */,
				BAD121C71E56C990007D84CF /* AppDelegate.swift in Sources */,
			);
			runOnlyForDeploymentPostprocessing = 0;
		};
/* End PBXSourcesBuildPhase section */

/* Begin PBXVariantGroup section */
		BAD121CA1E56C990007D84CF /* Main.storyboard */ = {
			isa = PBXVariantGroup;
			children = (
				BAD121CB1E56C990007D84CF /* Base */,
			);
			name = Main.storyboard;
			sourceTree = "<group>";
		};
		BAD121CF1E56C990007D84CF /* LaunchScreen.storyboard */ = {
			isa = PBXVariantGroup;
			children = (
				BAD121D01E56C990007D84CF /* Base */,
			);
			name = LaunchScreen.storyboard;
			sourceTree = "<group>";
		};
/* End PBXVariantGroup section */

/* Begin XCBuildConfiguration section */
		BAD121D31E56C990007D84CF /* Debug */ = {
			isa = XCBuildConfiguration;
			buildSettings = {
				ALWAYS_SEARCH_USER_PATHS = NO;
				CLANG_ANALYZER_NONNULL = YES;
				CLANG_CXX_LANGUAGE_STANDARD = "gnu++0x";
				CLANG_CXX_LIBRARY = "libc++";
				CLANG_ENABLE_MODULES = YES;
				CLANG_ENABLE_OBJC_ARC = YES;
				CLANG_WARN_BOOL_CONVERSION = YES;
				CLANG_WARN_CONSTANT_CONVERSION = YES;
				CLANG_WARN_DIRECT_OBJC_ISA_USAGE = YES_ERROR;
				CLANG_WARN_DOCUMENTATION_COMMENTS = YES;
				CLANG_WARN_EMPTY_BODY = YES;
				CLANG_WARN_ENUM_CONVERSION = YES;
				CLANG_WARN_INFINITE_RECURSION = YES;
				CLANG_WARN_INT_CONVERSION = YES;
				CLANG_WARN_OBJC_ROOT_CLASS = YES_ERROR;
				CLANG_WARN_SUSPICIOUS_MOVE = YES;
				CLANG_WARN_UNREACHABLE_CODE = YES;
				CLANG_WARN__DUPLICATE_METHOD_MATCH = YES;
				"CODE_SIGN_IDENTITY[sdk=iphoneos*]" = "iPhone Developer";
				COPY_PHASE_STRIP = NO;
				DEBUG_INFORMATION_FORMAT = dwarf;
				ENABLE_STRICT_OBJC_MSGSEND = YES;
				ENABLE_TESTABILITY = YES;
				GCC_C_LANGUAGE_STANDARD = gnu99;
				GCC_DYNAMIC_NO_PIC = NO;
				GCC_NO_COMMON_BLOCKS = YES;
				GCC_OPTIMIZATION_LEVEL = 0;
				GCC_PREPROCESSOR_DEFINITIONS = (
					"DEBUG=1",
					"$(inherited)",
				);
				GCC_WARN_64_TO_32_BIT_CONVERSION = YES;
				GCC_WARN_ABOUT_RETURN_TYPE = YES_ERROR;
				GCC_WARN_UNDECLARED_SELECTOR = YES;
				GCC_WARN_UNINITIALIZED_AUTOS = YES_AGGRESSIVE;
				GCC_WARN_UNUSED_FUNCTION = YES;
				GCC_WARN_UNUSED_VARIABLE = YES;
				IPHONEOS_DEPLOYMENT_TARGET = 10.2;
				MTL_ENABLE_DEBUG_INFO = YES;
				ONLY_ACTIVE_ARCH = YES;
				SDKROOT = iphoneos;
				SWIFT_ACTIVE_COMPILATION_CONDITIONS = DEBUG;
				SWIFT_OPTIMIZATION_LEVEL = "-Onone";
			};
			name = Debug;
		};
		BAD121D41E56C990007D84CF /* Release */ = {
			isa = XCBuildConfiguration;
			buildSettings = {
				ALWAYS_SEARCH_USER_PATHS = NO;
				CLANG_ANALYZER_NONNULL = YES;
				CLANG_CXX_LANGUAGE_STANDARD = "gnu++0x";
				CLANG_CXX_LIBRARY = "libc++";
				CLANG_ENABLE_MODULES = YES;
				CLANG_ENABLE_OBJC_ARC = YES;
				CLANG_WARN_BOOL_CONVERSION = YES;
				CLANG_WARN_CONSTANT_CONVERSION = YES;
				CLANG_WARN_DIRECT_OBJC_ISA_USAGE = YES_ERROR;
				CLANG_WARN_DOCUMENTATION_COMMENTS = YES;
				CLANG_WARN_EMPTY_BODY = YES;
				CLANG_WARN_ENUM_CONVERSION = YES;
				CLANG_WARN_INFINITE_RECURSION = YES;
				CLANG_WARN_INT_CONVERSION = YES;
				CLANG_WARN_OBJC_ROOT_CLASS = YES_ERROR;
				CLANG_WARN_SUSPICIOUS_MOVE = YES;
				CLANG_WARN_UNREACHABLE_CODE = YES;
				CLANG_WARN__DUPLICATE_METHOD_MATCH = YES;
				"CODE_SIGN_IDENTITY[sdk=iphoneos*]" = "iPhone Developer";
				COPY_PHASE_STRIP = NO;
				DEBUG_INFORMATION_FORMAT = "dwarf-with-dsym";
				ENABLE_NS_ASSERTIONS = NO;
				ENABLE_STRICT_OBJC_MSGSEND = YES;
				GCC_C_LANGUAGE_STANDARD = gnu99;
				GCC_NO_COMMON_BLOCKS = YES;
				GCC_WARN_64_TO_32_BIT_CONVERSION = YES;
				GCC_WARN_ABOUT_RETURN_TYPE = YES_ERROR;
				GCC_WARN_UNDECLARED_SELECTOR = YES;
				GCC_WARN_UNINITIALIZED_AUTOS = YES_AGGRESSIVE;
				GCC_WARN_UNUSED_FUNCTION = YES;
				GCC_WARN_UNUSED_VARIABLE = YES;
				IPHONEOS_DEPLOYMENT_TARGET = 10.2;
				MTL_ENABLE_DEBUG_INFO = NO;
				SDKROOT = iphoneos;
				SWIFT_OPTIMIZATION_LEVEL = "-Owholemodule";
				VALIDATE_PRODUCT = YES;
			};
			name = Release;
		};
		BAD121D61E56C990007D84CF /* Debug */ = {
			isa = XCBuildConfiguration;
			buildSettings = {
				ASSETCATALOG_COMPILER_APPICON_NAME = AppIcon;
				INFOPLIST_FILE = githubtest/Info.plist;
				LD_RUNPATH_SEARCH_PATHS = "$(inherited) @executable_path/Frameworks";
				PRODUCT_BUNDLE_IDENTIFIER = jerryappgo.githubtest;
				PRODUCT_NAME = "$(TARGET_NAME)";
				SWIFT_VERSION = 3.0;
			};
			name = Debug;
		};
		BAD121D71E56C990007D84CF /* Release */ = {
			isa = XCBuildConfiguration;
			buildSettings = {
				ASSETCATALOG_COMPILER_APPICON_NAME = AppIcon;
				INFOPLIST_FILE = githubtest/Info.plist;
				LD_RUNPATH_SEARCH_PATHS = "$(inherited) @executable_path/Frameworks";
				PRODUCT_BUNDLE_IDENTIFIER = jerryappgo.githubtest;
				PRODUCT_NAME = "$(TARGET_NAME)";
				SWIFT_VERSION = 3.0;
			};
			name = Release;
		};
/* End XCBuildConfiguration section */

/* Begin XCConfigurationList section */
		BAD121BE1E56C98F007D84CF /* Build configuration list for PBXProject "githubtest" */ = {
			isa = XCConfigurationList;
			buildConfigurations = (
				BAD121D31E56C990007D84CF /* Debug */,
				BAD121D41E56C990007D84CF /* Release */,
			);
			defaultConfigurationIsVisible = 0;
			defaultConfigurationName = Release;
		};
		BAD121D51E56C990007D84CF /* Build configuration list for PBXNativeTarget "githubtest" */ = {
			isa = XCConfigurationList;
			buildConfigurations = (
				BAD121D61E56C990007D84CF /* Debug */,
				BAD121D71E56C990007D84CF /* Release */,
			);
			defaultConfigurationIsVisible = 0;
		};
/* End XCConfigurationList section */
	};
	rootObject = BAD121BB1E56C98F007D84CF /* Project object */;
}
